
Microsoft Visual Studio Solution File, Format Version 12.00
# Visual Studio Version 17
VisualStudioVersion = 17.14.36603.0 d17.14
MinimumVisualStudioVersion = 10.0.40219.1
Project("{FAE04EC0-301F-11D3-BF4B-00C04F79EFBC}") = "JonathanHandA6", "JonathanHandA6.csproj", "{BC070DF0-9B42-401A-A288-7A87765478FB}"
EndProject
Global
	GlobalSection(SolutionConfigurationPlatforms) = preSolution
		Debug|Any CPU = Debug|Any CPU
		Release|Any CPU = Release|Any CPU
	EndGlobalSection
	GlobalSection(ProjectConfigurationPlatforms) = postSolution
		{BC070DF0-9B42-401A-A288-7A87765478FB}.Debug|Any CPU.ActiveCfg = Debug|Any CPU
		{BC070DF0-9B42-401A-A288-7A87765478FB}.Debug|Any CPU.Build.0 = Debug|Any CPU
		{BC070DF0-9B42-401A-A288-7A87765478FB}.Release|Any CPU.ActiveCfg = Release|Any CPU
		{BC070DF0-9B42-401A-A288-7A87765478FB}.Release|Any CPU.Build.0 = Release|Any CPU
	EndGlobalSection
	GlobalSection(SolutionProperties) = preSolution
		HideSolutionNode = FALSE
	EndGlobalSection
	GlobalSection(ExtensibilityGlobals) = postSolution
		SolutionGuid = {BECE858A-32F5-4BB6-AE10-9183BDEB84A6}
	EndGlobalSection
EndGlobal
